
Microsoft Visual Studio Solution File, Format Version 12.00
# Visual Studio Version 17
VisualStudioVersion = 17.7.34031.279
MinimumVisualStudioVersion = 10.0.40219.1
Project("{FAE04EC0-301F-11D3-BF4B-00C04F79EFBC}") = "FrodoKem", "FrodoKem\FrodoKem.csproj", "{DF974721-11E4-4ADF-8872-878D3DF4A3DC}"
EndProject
Global
	GlobalSection(SolutionConfigurationPlatforms) = preSolution
		Debug|Any CPU = Debug|Any CPU
		Release|Any CPU = Release|Any CPU
	EndGlobalSection
	GlobalSection(ProjectConfigurationPlatforms) = postSolution
		{DF974721-11E4-4ADF-8872-878D3DF4A3DC}.Debug|Any CPU.ActiveCfg = Debug|Any CPU
		{DF974721-11E4-4ADF-8872-878D3DF4A3DC}.Debug|Any CPU.Build.0 = Debug|Any CPU
		{DF974721-11E4-4ADF-8872-878D3DF4A3DC}.Release|Any CPU.ActiveCfg = Release|Any CPU
		{DF974721-11E4-4ADF-8872-878D3DF4A3DC}.Release|Any CPU.Build.0 = Release|Any CPU
	EndGlobalSection
	GlobalSection(SolutionProperties) = preSolution
		HideSolutionNode = FALSE
	EndGlobalSection
	GlobalSection(ExtensibilityGlobals) = postSolution
		SolutionGuid = {5648CC61-A3EC-44D5-A0B5-D60897C30AEF}
	EndGlobalSection
EndGlobal
